
Microsoft Visual Studio Solution File, Format Version 12.00
# Visual Studio Version 16
VisualStudioVersion = 25.0.1703.2
MinimumVisualStudioVersion = 10.0.40219.1
Project("{FAE04EC0-301F-11D3-BF4B-00C04F79EFBC}") = "Entity_API", "Entity_API\Entity_API.csproj", "{340EBE98-B120-463F-A04F-14555E411D15}"
EndProject
Global
	GlobalSection(SolutionConfigurationPlatforms) = preSolution
		Debug|Any CPU = Debug|Any CPU
		Release|Any CPU = Release|Any CPU
	EndGlobalSection
	GlobalSection(ProjectConfigurationPlatforms) = postSolution
		{340EBE98-B120-463F-A04F-14555E411D15}.Debug|Any CPU.ActiveCfg = Debug|Any CPU
		{340EBE98-B120-463F-A04F-14555E411D15}.Debug|Any CPU.Build.0 = Debug|Any CPU
		{340EBE98-B120-463F-A04F-14555E411D15}.Release|Any CPU.ActiveCfg = Release|Any CPU
		{340EBE98-B120-463F-A04F-14555E411D15}.Release|Any CPU.Build.0 = Release|Any CPU
	EndGlobalSection
	GlobalSection(SolutionProperties) = preSolution
		HideSolutionNode = FALSE
	EndGlobalSection
	GlobalSection(ExtensibilityGlobals) = postSolution
		SolutionGuid = {00C0E916-8438-447A-A308-7CC6DCD81F03}
	EndGlobalSection
EndGlobal
