
Microsoft Visual Studio Solution File, Format Version 12.00
# Visual Studio Version 17
VisualStudioVersion = 17.3.32804.467
MinimumVisualStudioVersion = 10.0.40219.1
Project("{9A19103F-16F7-4668-BE54-9A1E7A4F7556}") = "Ecomproject", "Ecomproject\Ecomproject.csproj", "{18E6E1FB-D5DC-4B6B-B0EA-F241E52B351A}"
EndProject
Project("{FAE04EC0-301F-11D3-BF4B-00C04F79EFBC}") = "BusinessLayer", "BusinessLayer\BusinessLayer.csproj", "{B977E282-58D1-4DDC-9E08-08D33462A709}"
EndProject
Project("{FAE04EC0-301F-11D3-BF4B-00C04F79EFBC}") = "RepositoryAccessLayer", "RepositoryAccessLayer\RepositoryAccessLayer.csproj", "{B321EB37-A8DB-4777-83F5-7D28D67CAF24}"
EndProject
Project("{FAE04EC0-301F-11D3-BF4B-00C04F79EFBC}") = "Models", "Models\Models.csproj", "{545A74F3-D3E6-4A3A-9973-1A275A0AE246}"
EndProject
Global
	GlobalSection(SolutionConfigurationPlatforms) = preSolution
		Debug|Any CPU = Debug|Any CPU
		Release|Any CPU = Release|Any CPU
	EndGlobalSection
	GlobalSection(ProjectConfigurationPlatforms) = postSolution
		{18E6E1FB-D5DC-4B6B-B0EA-F241E52B351A}.Debug|Any CPU.ActiveCfg = Debug|Any CPU
		{18E6E1FB-D5DC-4B6B-B0EA-F241E52B351A}.Debug|Any CPU.Build.0 = Debug|Any CPU
		{18E6E1FB-D5DC-4B6B-B0EA-F241E52B351A}.Release|Any CPU.ActiveCfg = Release|Any CPU
		{18E6E1FB-D5DC-4B6B-B0EA-F241E52B351A}.Release|Any CPU.Build.0 = Release|Any CPU
		{B977E282-58D1-4DDC-9E08-08D33462A709}.Debug|Any CPU.ActiveCfg = Debug|Any CPU
		{B977E282-58D1-4DDC-9E08-08D33462A709}.Debug|Any CPU.Build.0 = Debug|Any CPU
		{B977E282-58D1-4DDC-9E08-08D33462A709}.Release|Any CPU.ActiveCfg = Release|Any CPU
		{B977E282-58D1-4DDC-9E08-08D33462A709}.Release|Any CPU.Build.0 = Release|Any CPU
		{B321EB37-A8DB-4777-83F5-7D28D67CAF24}.Debug|Any CPU.ActiveCfg = Debug|Any CPU
		{B321EB37-A8DB-4777-83F5-7D28D67CAF24}.Debug|Any CPU.Build.0 = Debug|Any CPU
		{B321EB37-A8DB-4777-83F5-7D28D67CAF24}.Release|Any CPU.ActiveCfg = Release|Any CPU
		{B321EB37-A8DB-4777-83F5-7D28D67CAF24}.Release|Any CPU.Build.0 = Release|Any CPU
		{545A74F3-D3E6-4A3A-9973-1A275A0AE246}.Debug|Any CPU.ActiveCfg = Debug|Any CPU
		{545A74F3-D3E6-4A3A-9973-1A275A0AE246}.Debug|Any CPU.Build.0 = Debug|Any CPU
		{545A74F3-D3E6-4A3A-9973-1A275A0AE246}.Release|Any CPU.ActiveCfg = Release|Any CPU
		{545A74F3-D3E6-4A3A-9973-1A275A0AE246}.Release|Any CPU.Build.0 = Release|Any CPU
	EndGlobalSection
	GlobalSection(SolutionProperties) = preSolution
		HideSolutionNode = FALSE
	EndGlobalSection
	GlobalSection(ExtensibilityGlobals) = postSolution
		SolutionGuid = {22B81D24-D9FE-40AB-B67A-5DA95738633D}
	EndGlobalSection
EndGlobal
